
Microsoft Visual Studio Solution File, Format Version 12.00
# Visual Studio Version 16
VisualStudioVersion = 16.0.32602.291
MinimumVisualStudioVersion = 10.0.40219.1
Project("{8BC9CEB8-8B4A-11D0-8D11-00A0C91BC942}") = "Server", "ChatApp\ChatApp.vcxproj", "{A6F7FA04-033C-4EEF-9DF4-A18BA76BD6B0}"
EndProject
Project("{8BC9CEB8-8B4A-11D0-8D11-00A0C91BC942}") = "Client", "Client\Client.vcxproj", "{8CE9B097-FA15-4F3D-AEDF-8F29F989BB37}"
EndProject
Global
	GlobalSection(SolutionConfigurationPlatforms) = preSolution
		Debug|x64 = Debug|x64
		Debug|x86 = Debug|x86
		Release|x64 = Release|x64
		Release|x86 = Release|x86
	EndGlobalSection
	GlobalSection(ProjectConfigurationPlatforms) = postSolution
		{A6F7FA04-033C-4EEF-9DF4-A18BA76BD6B0}.Debug|x64.ActiveCfg = Debug|x64
		{A6F7FA04-033C-4EEF-9DF4-A18BA76BD6B0}.Debug|x64.Build.0 = Debug|x64
		{A6F7FA04-033C-4EEF-9DF4-A18BA76BD6B0}.Debug|x86.ActiveCfg = Debug|Win32
		{A6F7FA04-033C-4EEF-9DF4-A18BA76BD6B0}.Debug|x86.Build.0 = Debug|Win32
		{A6F7FA04-033C-4EEF-9DF4-A18BA76BD6B0}.Release|x64.ActiveCfg = Release|x64
		{A6F7FA04-033C-4EEF-9DF4-A18BA76BD6B0}.Release|x64.Build.0 = Release|x64
		{A6F7FA04-033C-4EEF-9DF4-A18BA76BD6B0}.Release|x86.ActiveCfg = Release|Win32
		{A6F7FA04-033C-4EEF-9DF4-A18BA76BD6B0}.Release|x86.Build.0 = Release|Win32
		{8CE9B097-FA15-4F3D-AEDF-8F29F989BB37}.Debug|x64.ActiveCfg = Debug|x64
		{8CE9B097-FA15-4F3D-AEDF-8F29F989BB37}.Debug|x64.Build.0 = Debug|x64
		{8CE9B097-FA15-4F3D-AEDF-8F29F989BB37}.Debug|x86.ActiveCfg = Debug|Win32
		{8CE9B097-FA15-4F3D-AEDF-8F29F989BB37}.Debug|x86.Build.0 = Debug|Win32
		{8CE9B097-FA15-4F3D-AEDF-8F29F989BB37}.Release|x64.ActiveCfg = Release|x64
		{8CE9B097-FA15-4F3D-AEDF-8F29F989BB37}.Release|x64.Build.0 = Release|x64
		{8CE9B097-FA15-4F3D-AEDF-8F29F989BB37}.Release|x86.ActiveCfg = Release|Win32
		{8CE9B097-FA15-4F3D-AEDF-8F29F989BB37}.Release|x86.Build.0 = Release|Win32
	EndGlobalSection
	GlobalSection(SolutionProperties) = preSolution
		HideSolutionNode = FALSE
	EndGlobalSection
	GlobalSection(ExtensibilityGlobals) = postSolution
		SolutionGuid = {EDFD0E8E-ED96-433E-83C2-A0FAA8283E6E}
	EndGlobalSection
EndGlobal
